hash: de996bb9291b8e2ee1f9240d8d51c3801c379725299e03cdc9dd9a3f321e1fe7
updated: 2018-11-09T08:58:23.152749177-06:00
imports:
- name: github.com/FactomProject/goleveldb
  version: e7800c6976c5d75f0a9c5e9e0e2ff8086940e58f
  subpackages:
  - leveldb
  - leveldb/opt
  - leveldb/util
- name: github.com/FactomProject/web
  version: 7daee1bf727fc2cd9142b9a73a797f98b3180756
- name: github.com/hashicorp/go-immutable-radix
  version: 27df80928bb34bb1b0d6d0e01b9e679902e7a6b5
- name: github.com/hashicorp/go-memdb
  version: 1289e7fffe71d8fd4d4d491ba9a412c50f244c44
- name: github.com/hashicorp/golang-lru
  version: 20f1fb78b0740ba8c3cb143a61e86ba5c8669768
  subpackages:
  - simplelru
- name: golang.org/x/net
  version: 1087133bc4af3073e18add999345c6ae75918503
  subpackages:
  - websocket
testImports: []
